[{<<"cowlib">>,
  {git,"https://github.com/extend/cowlib.git",
       {ref,"14e597baa42a436469f99661ed7994685e269dc2"}},
  1},
 {<<"gun">>,
  {git,"https://github.com/ninenines/gun.git",
       {ref,"0414eede62946f995a5ab4879f9026548440199c"}},
  0},
 {<<"ranch">>,
  {git,"https://github.com/extend/ranch.git",
       {ref,"ad8c04cb721fe911db7c23b6a0d51d4d5dba82af"}},
  1}].
